
Microsoft Visual Studio Solution File, Format Version 12.00
# Visual Studio 15
VisualStudioVersion = 15.0.28307.421
MinimumVisualStudioVersion = 10.0.40219.1
Project("{FAE04EC0-301F-11D3-BF4B-00C04F79EFBC}") = "FPL", "FPL\FPL.csproj", "{3A8B80C0-F555-49F8-AB11-1C04A188D8FB}"
EndProject
Global
	GlobalSection(SolutionConfigurationPlatforms) = preSolution
		Debug|Any CPU = Debug|Any CPU
		Release|Any CPU = Release|Any CPU
	EndGlobalSection
	GlobalSection(ProjectConfigurationPlatforms) = postSolution
		{3A8B80C0-F555-49F8-AB11-1C04A188D8FB}.Debug|Any CPU.ActiveCfg = Debug|Any CPU
		{3A8B80C0-F555-49F8-AB11-1C04A188D8FB}.Debug|Any CPU.Build.0 = Debug|Any CPU
		{3A8B80C0-F555-49F8-AB11-1C04A188D8FB}.Release|Any CPU.ActiveCfg = Release|Any CPU
		{3A8B80C0-F555-49F8-AB11-1C04A188D8FB}.Release|Any CPU.Build.0 = Release|Any CPU
	EndGlobalSection
	GlobalSection(SolutionProperties) = preSolution
		HideSolutionNode = FALSE
	EndGlobalSection
	GlobalSection(ExtensibilityGlobals) = postSolution
		SolutionGuid = {653EE986-CD02-47AB-9EBB-4A6765501875}
	EndGlobalSection
EndGlobal
